
Microsoft Visual Studio Solution File, Format Version 12.00
# Visual Studio Version 17
VisualStudioVersion = 17.14.36221.1
MinimumVisualStudioVersion = 10.0.40219.1
Project("{FAE04EC0-301F-11D3-BF4B-00C04F79EFBC}") = "Server", "Server\Server.csproj", "{A8712A3F-7079-48EF-98B9-A906D3C21414}"
EndProject
Project("{FAE04EC0-301F-11D3-BF4B-00C04F79EFBC}") = "KonobarClient", "Klijent\KonobarClient.csproj", "{A4C6759D-6B9C-4165-B158-911D68E26B62}"
EndProject
Global
	GlobalSection(SolutionConfigurationPlatforms) = preSolution
		Debug|Any CPU = Debug|Any CPU
		Release|Any CPU = Release|Any CPU
	EndGlobalSection
	GlobalSection(ProjectConfigurationPlatforms) = postSolution
		{A8712A3F-7079-48EF-98B9-A906D3C21414}.Debug|Any CPU.ActiveCfg = Debug|Any CPU
		{A8712A3F-7079-48EF-98B9-A906D3C21414}.Debug|Any CPU.Build.0 = Debug|Any CPU
		{A8712A3F-7079-48EF-98B9-A906D3C21414}.Release|Any CPU.ActiveCfg = Release|Any CPU
		{A8712A3F-7079-48EF-98B9-A906D3C21414}.Release|Any CPU.Build.0 = Release|Any CPU
		{A4C6759D-6B9C-4165-B158-911D68E26B62}.Debug|Any CPU.ActiveCfg = Debug|Any CPU
		{A4C6759D-6B9C-4165-B158-911D68E26B62}.Debug|Any CPU.Build.0 = Debug|Any CPU
		{A4C6759D-6B9C-4165-B158-911D68E26B62}.Release|Any CPU.ActiveCfg = Release|Any CPU
		{A4C6759D-6B9C-4165-B158-911D68E26B62}.Release|Any CPU.Build.0 = Release|Any CPU
	EndGlobalSection
	GlobalSection(SolutionProperties) = preSolution
		HideSolutionNode = FALSE
	EndGlobalSection
	GlobalSection(ExtensibilityGlobals) = postSolution
		SolutionGuid = {8660D994-A797-46E2-A956-4FC5F48B0F63}
	EndGlobalSection
EndGlobal
